
Microsoft Visual Studio Solution File, Format Version 12.00
# Visual Studio Version 17
VisualStudioVersion = 17.1.32421.90
MinimumVisualStudioVersion = 10.0.40219.1
Project("{FAE04EC0-301F-11D3-BF4B-00C04F79EFBC}") = "MarkdownConverter", "MarkdownConverter\MarkdownConverter.csproj", "{BAA28C01-B148-4E49-B61D-4B266B3CA3CD}"
EndProject
Project("{FAE04EC0-301F-11D3-BF4B-00C04F79EFBC}") = "MarkdownConverter.Tests", "MarkdownConverter.Tests\MarkdownConverter.Tests.csproj", "{1B1D2141-47BB-4631-B757-23C70EA1B15B}"
EndProject
Global
	GlobalSection(SolutionConfigurationPlatforms) = preSolution
		Debug|Any CPU = Debug|Any CPU
		Release|Any CPU = Release|Any CPU
	EndGlobalSection
	GlobalSection(ProjectConfigurationPlatforms) = postSolution
		{BAA28C01-B148-4E49-B61D-4B266B3CA3CD}.Debug|Any CPU.ActiveCfg = Debug|Any CPU
		{BAA28C01-B148-4E49-B61D-4B266B3CA3CD}.Debug|Any CPU.Build.0 = Debug|Any CPU
		{BAA28C01-B148-4E49-B61D-4B266B3CA3CD}.Release|Any CPU.ActiveCfg = Release|Any CPU
		{BAA28C01-B148-4E49-B61D-4B266B3CA3CD}.Release|Any CPU.Build.0 = Release|Any CPU
		{1B1D2141-47BB-4631-B757-23C70EA1B15B}.Debug|Any CPU.ActiveCfg = Debug|Any CPU
		{1B1D2141-47BB-4631-B757-23C70EA1B15B}.Debug|Any CPU.Build.0 = Debug|Any CPU
		{1B1D2141-47BB-4631-B757-23C70EA1B15B}.Release|Any CPU.ActiveCfg = Release|Any CPU
		{1B1D2141-47BB-4631-B757-23C70EA1B15B}.Release|Any CPU.Build.0 = Release|Any CPU
	EndGlobalSection
	GlobalSection(SolutionProperties) = preSolution
		HideSolutionNode = FALSE
	EndGlobalSection
	GlobalSection(ExtensibilityGlobals) = postSolution
		SolutionGuid = {56BEFA32-70FA-4847-BB4E-13D354135342}
	EndGlobalSection
EndGlobal
